{
	"name": "leaflet.markercluster-ts",
	"version": "1.0.0",
	"lockfileVersion": 3,
	"requires": true,
	"packages": {
		"": {
			"name": "leaflet.markercluster-ts",
			"version": "1.0.0",
			"license": "MIT",
			"devDependencies": {
				"@types/leaflet": "^1.9.14",
				"leaflet": "^1.9.4",
				"prettier": "^3.3.3",
				"typescript": "^5.6.3"
			},
			"peerDependencies": {
				"leaflet": "^1.9.4"
			}
		},
		"node_modules/@types/geojson": {
			"version": "7946.0.14",
			"resolved": "https://dimension-codeartifact-905418471354.d.codeartifact.eu-central-1.amazonaws.com/npm/dimension/@types/geojson/-/geojson-7946.0.14.tgz",
			"integrity": "sha512-WCfD5Ht3ZesJUsONdhvm84dmzWOiOzOAqOncN0++w0lBw1o8OuDNJF2McvvCef/yBqb/HYRahp1BYtODFQ8bRg==",
			"dev": true,
			"license": "MIT"
		},
		"node_modules/@types/leaflet": {
			"version": "1.9.14",
			"resolved": "https://dimension-codeartifact-905418471354.d.codeartifact.eu-central-1.amazonaws.com/npm/dimension/@types/leaflet/-/leaflet-1.9.14.tgz",
			"integrity": "sha512-sx2q6MDJaajwhKeVgPSvqXd8rhNJSTA3tMidQGduZn9S6WBYxDkCpSpV5xXEmSg7Cgdk/5vJGhVF1kMYLzauBg==",
			"dev": true,
			"license": "MIT",
			"dependencies": {
				"@types/geojson": "*"
			}
		},
		"node_modules/leaflet": {
			"version": "1.9.4",
			"resolved": "https://dimension-codeartifact-905418471354.d.codeartifact.eu-central-1.amazonaws.com/npm/dimension/leaflet/-/leaflet-1.9.4.tgz",
			"integrity": "sha512-nxS1ynzJOmOlHp+iL3FyWqK89GtNL8U8rvlMOsQdTTssxZwCXh8N2NB3GDQOL+YR3XnWyZAxwQixURb+FA74PA==",
			"dev": true,
			"license": "BSD-2-Clause"
		},
		"node_modules/prettier": {
			"version": "3.3.3",
			"resolved": "https://dimension-codeartifact-905418471354.d.codeartifact.eu-central-1.amazonaws.com/npm/dimension/prettier/-/prettier-3.3.3.tgz",
			"integrity": "sha512-i2tDNA0O5IrMO757lfrdQZCc2jPNDVntV0m/+4whiDfWaTKfMNgR7Qz0NAeGz/nRqF4m5/6CLzbP4/liHt12Ew==",
			"dev": true,
			"license": "MIT",
			"bin": {
				"prettier": "bin/prettier.cjs"
			},
			"engines": {
				"node": ">=14"
			},
			"funding": {
				"url": "https://github.com/prettier/prettier?sponsor=1"
			}
		},
		"node_modules/typescript": {
			"version": "5.6.3",
			"resolved": "https://dimension-codeartifact-905418471354.d.codeartifact.eu-central-1.amazonaws.com/npm/dimension/typescript/-/typescript-5.6.3.tgz",
			"integrity": "sha512-hjcS1mhfuyi4WW8IWtjP7brDrG2cuDZukyrYrSauoXGNgx0S7zceP07adYkJycEr56BOUTNPzbInooiN3fn1qw==",
			"dev": true,
			"license": "Apache-2.0",
			"bin": {
				"tsc": "bin/tsc",
				"tsserver": "bin/tsserver"
			},
			"engines": {
				"node": ">=14.17"
			}
		}
	}
}
